
Microsoft Visual Studio Solution File, Format Version 12.00
# Visual Studio 15
VisualStudioVersion = 15.0.26430.6
MinimumVisualStudioVersion = 10.0.40219.1
Project("{FAE04EC0-301F-11D3-BF4B-00C04F79EFBC}") = "JogoDaVelhaMaratona.Android", "JogoDaVelhaMaratona\JogoDaVelhaMaratona.Android\JogoDaVelhaMaratona.Android.csproj", "{13C69F68-A266-435A-AA17-2975C7E8337A}"
EndProject
Project("{FAE04EC0-301F-11D3-BF4B-00C04F79EFBC}") = "JogoDaVelhaMaratona", "JogoDaVelhaMaratona\JogoDaVelhaMaratona\JogoDaVelhaMaratona.csproj", "{9A1CDBD7-25D3-45E1-9986-E86AED158748}"
EndProject
Project("{FAE04EC0-301F-11D3-BF4B-00C04F79EFBC}") = "JogoDaVelhaMaratona.UWP", "JogoDaVelhaMaratona\JogoDaVelhaMaratona.UWP\JogoDaVelhaMaratona.UWP.csproj", "{95C57345-2FBF-4F7B-ADB0-BC0110293A7A}"
EndProject
Project("{FAE04EC0-301F-11D3-BF4B-00C04F79EFBC}") = "JogoDaVelhaMaratona.iOS", "JogoDaVelhaMaratona\JogoDaVelhaMaratona.iOS\JogoDaVelhaMaratona.iOS.csproj", "{620C577E-A12A-438D-9EE9-9910BD02359A}"
EndProject
Global
	GlobalSection(SolutionConfigurationPlatforms) = preSolution
		Ad-Hoc|Any CPU = Ad-Hoc|Any CPU
		Ad-Hoc|ARM = Ad-Hoc|ARM
		Ad-Hoc|iPhone = Ad-Hoc|iPhone
		Ad-Hoc|iPhoneSimulator = Ad-Hoc|iPhoneSimulator
		Ad-Hoc|x64 = Ad-Hoc|x64
		Ad-Hoc|x86 = Ad-Hoc|x86
		AppStore|Any CPU = AppStore|Any CPU
		AppStore|ARM = AppStore|ARM
		AppStore|iPhone = AppStore|iPhone
		AppStore|iPhoneSimulator = AppStore|iPhoneSimulator
		AppStore|x64 = AppStore|x64
		AppStore|x86 = AppStore|x86
		Debug|Any CPU = Debug|Any CPU
		Debug|ARM = Debug|ARM
		Debug|iPhone = Debug|iPhone
		Debug|iPhoneSimulator = Debug|iPhoneSimulator
		Debug|x64 = Debug|x64
		Debug|x86 = Debug|x86
		Release|Any CPU = Release|Any CPU
		Release|ARM = Release|ARM
		Release|iPhone = Release|iPhone
		Release|iPhoneSimulator = Release|iPhoneSimulator
		Release|x64 = Release|x64
		Release|x86 = Release|x86
	EndGlobalSection
	GlobalSection(ProjectConfigurationPlatforms) = postSolution
		{13C69F68-A266-435A-AA17-2975C7E8337A}.Ad-Hoc|Any CPU.ActiveCfg = Release|Any CPU
		{13C69F68-A266-435A-AA17-2975C7E8337A}.Ad-Hoc|Any CPU.Build.0 = Release|Any CPU
		{13C69F68-A266-435A-AA17-2975C7E8337A}.Ad-Hoc|Any CPU.Deploy.0 = Release|Any CPU
		{13C69F68-A266-435A-AA17-2975C7E8337A}.Ad-Hoc|ARM.ActiveCfg = Release|Any CPU
		{13C69F68-A266-435A-AA17-2975C7E8337A}.Ad-Hoc|ARM.Build.0 = Release|Any CPU
		{13C69F68-A266-435A-AA17-2975C7E8337A}.Ad-Hoc|ARM.Deploy.0 = Release|Any CPU
		{13C69F68-A266-435A-AA17-2975C7E8337A}.Ad-Hoc|iPhone.ActiveCfg = Release|Any CPU
		{13C69F68-A266-435A-AA17-2975C7E8337A}.Ad-Hoc|iPhone.Build.0 = Release|Any CPU
		{13C69F68-A266-435A-AA17-2975C7E8337A}.Ad-Hoc|iPhone.Deploy.0 = Release|Any CPU
		{13C69F68-A266-435A-AA17-2975C7E8337A}.Ad-Hoc|iPhoneSimulator.ActiveCfg = Release|Any CPU
		{13C69F68-A266-435A-AA17-2975C7E8337A}.Ad-Hoc|iPhoneSimulator.Build.0 = Release|Any CPU
		{13C69F68-A266-435A-AA17-2975C7E8337A}.Ad-Hoc|iPhoneSimulator.Deploy.0 = Release|Any CPU
		{13C69F68-A266-435A-AA17-2975C7E8337A}.Ad-Hoc|x64.ActiveCfg = Release|Any CPU
		{13C69F68-A266-435A-AA17-2975C7E8337A}.Ad-Hoc|x64.Build.0 = Release|Any CPU
		{13C69F68-A266-435A-AA17-2975C7E8337A}.Ad-Hoc|x64.Deploy.0 = Release|Any CPU
		{13C69F68-A266-435A-AA17-2975C7E8337A}.Ad-Hoc|x86.ActiveCfg = Release|Any CPU
		{13C69F68-A266-435A-AA17-2975C7E8337A}.Ad-Hoc|x86.Build.0 = Release|Any CPU
		{13C69F68-A266-435A-AA17-2975C7E8337A}.Ad-Hoc|x86.Deploy.0 = Release|Any CPU
		{13C69F68-A266-435A-AA17-2975C7E8337A}.AppStore|Any CPU.ActiveCfg = Release|Any CPU
		{13C69F68-A266-435A-AA17-2975C7E8337A}.AppStore|Any CPU.Build.0 = Release|Any CPU
		{13C69F68-A266-435A-AA17-2975C7E8337A}.AppStore|Any CPU.Deploy.0 = Release|Any CPU
		{13C69F68-A266-435A-AA17-2975C7E8337A}.AppStore|ARM.ActiveCfg = Release|Any CPU
		{13C69F68-A266-435A-AA17-2975C7E8337A}.AppStore|ARM.Build.0 = Release|Any CPU
		{13C69F68-A266-435A-AA17-2975C7E8337A}.AppStore|ARM.Deploy.0 = Release|Any CPU
		{13C69F68-A266-435A-AA17-2975C7E8337A}.AppStore|iPhone.ActiveCfg = Release|Any CPU
		{13C69F68-A266-435A-AA17-2975C7E8337A}.AppStore|iPhone.Build.0 = Release|Any CPU
		{13C69F68-A266-435A-AA17-2975C7E8337A}.AppStore|iPhone.Deploy.0 = Release|Any CPU
		{13C69F68-A266-435A-AA17-2975C7E8337A}.AppStore|iPhoneSimulator.ActiveCfg = Release|Any CPU
		{13C69F68-A266-435A-AA17-2975C7E8337A}.AppStore|iPhoneSimulator.Build.0 = Release|Any CPU
		{13C69F68-A266-435A-AA17-2975C7E8337A}.AppStore|iPhoneSimulator.Deploy.0 = Release|Any CPU
		{13C69F68-A266-435A-AA17-2975C7E8337A}.AppStore|x64.ActiveCfg = Release|Any CPU
		{13C69F68-A266-435A-AA17-2975C7E8337A}.AppStore|x64.Build.0 = Release|Any CPU
		{13C69F68-A266-435A-AA17-2975C7E8337A}.AppStore|x64.Deploy.0 = Release|Any CPU
		{13C69F68-A266-435A-AA17-2975C7E8337A}.AppStore|x86.ActiveCfg = Release|Any CPU
		{13C69F68-A266-435A-AA17-2975C7E8337A}.AppStore|x86.Build.0 = Release|Any CPU
		{13C69F68-A266-435A-AA17-2975C7E8337A}.AppStore|x86.Deploy.0 = Release|Any CPU
		{13C69F68-A266-435A-AA17-2975C7E8337A}.Debug|Any CPU.ActiveCfg = Debug|Any CPU
		{13C69F68-A266-435A-AA17-2975C7E8337A}.Debug|Any CPU.Build.0 = Debug|Any CPU
		{13C69F68-A266-435A-AA17-2975C7E8337A}.Debug|Any CPU.Deploy.0 = Debug|Any CPU
		{13C69F68-A266-435A-AA17-2975C7E8337A}.Debug|ARM.ActiveCfg = Debug|Any CPU
		{13C69F68-A266-435A-AA17-2975C7E8337A}.Debug|ARM.Build.0 = Debug|Any CPU
		{13C69F68-A266-435A-AA17-2975C7E8337A}.Debug|ARM.Deploy.0 = Debug|Any CPU
		{13C69F68-A266-435A-AA17-2975C7E8337A}.Debug|iPhone.ActiveCfg = Debug|Any CPU
		{13C69F68-A266-435A-AA17-2975C7E8337A}.Debug|iPhone.Build.0 = Debug|Any CPU
		{13C69F68-A266-435A-AA17-2975C7E8337A}.Debug|iPhone.Deploy.0 = Debug|Any CPU
		{13C69F68-A266-435A-AA17-2975C7E8337A}.Debug|iPhoneSimulator.ActiveCfg = Debug|Any CPU
		{13C69F68-A266-435A-AA17-2975C7E8337A}.Debug|iPhoneSimulator.Build.0 = Debug|Any CPU
		{13C69F68-A266-435A-AA17-2975C7E8337A}.Debug|iPhoneSimulator.Deploy.0 = Debug|Any CPU
		{13C69F68-A266-435A-AA17-2975C7E8337A}.Debug|x64.ActiveCfg = Debug|Any CPU
		{13C69F68-A266-435A-AA17-2975C7E8337A}.Debug|x64.Build.0 = Debug|Any CPU
		{13C69F68-A266-435A-AA17-2975C7E8337A}.Debug|x64.Deploy.0 = Debug|Any CPU
		{13C69F68-A266-435A-AA17-2975C7E8337A}.Debug|x86.ActiveCfg = Debug|Any CPU
		{13C69F68-A266-435A-AA17-2975C7E8337A}.Debug|x86.Build.0 = Debug|Any CPU
		{13C69F68-A266-435A-AA17-2975C7E8337A}.Debug|x86.Deploy.0 = Debug|Any CPU
		{13C69F68-A266-435A-AA17-2975C7E8337A}.Release|Any CPU.ActiveCfg = Release|Any CPU
		{13C69F68-A266-435A-AA17-2975C7E8337A}.Release|Any CPU.Build.0 = Release|Any CPU
		{13C69F68-A266-435A-AA17-2975C7E8337A}.Release|Any CPU.Deploy.0 = Release|Any CPU
		{13C69F68-A266-435A-AA17-2975C7E8337A}.Release|ARM.ActiveCfg = Release|Any CPU
		{13C69F68-A266-435A-AA17-2975C7E8337A}.Release|ARM.Build.0 = Release|Any CPU
		{13C69F68-A266-435A-AA17-2975C7E8337A}.Release|ARM.Deploy.0 = Release|Any CPU
		{13C69F68-A266-435A-AA17-2975C7E8337A}.Release|iPhone.ActiveCfg = Release|Any CPU
		{13C69F68-A266-435A-AA17-2975C7E8337A}.Release|iPhone.Build.0 = Release|Any CPU
		{13C69F68-A266-435A-AA17-2975C7E8337A}.Release|iPhone.Deploy.0 = Release|Any CPU
		{13C69F68-A266-435A-AA17-2975C7E8337A}.Release|iPhoneSimulator.ActiveCfg = Release|Any CPU
		{13C69F68-A266-435A-AA17-2975C7E8337A}.Release|iPhoneSimulator.Build.0 = Release|Any CPU
		{13C69F68-A266-435A-AA17-2975C7E8337A}.Release|iPhoneSimulator.Deploy.0 = Release|Any CPU
		{13C69F68-A266-435A-AA17-2975C7E8337A}.Release|x64.ActiveCfg = Release|Any CPU
		{13C69F68-A266-435A-AA17-2975C7E8337A}.Release|x64.Build.0 = Release|Any CPU
		{13C69F68-A266-435A-AA17-2975C7E8337A}.Release|x64.Deploy.0 = Release|Any CPU
		{13C69F68-A266-435A-AA17-2975C7E8337A}.Release|x86.ActiveCfg = Release|Any CPU
		{13C69F68-A266-435A-AA17-2975C7E8337A}.Release|x86.Build.0 = Release|Any CPU
		{13C69F68-A266-435A-AA17-2975C7E8337A}.Release|x86.Deploy.0 = Release|Any CPU
		{9A1CDBD7-25D3-45E1-9986-E86AED158748}.Ad-Hoc|Any CPU.ActiveCfg = Release|Any CPU
		{9A1CDBD7-25D3-45E1-9986-E86AED158748}.Ad-Hoc|Any CPU.Build.0 = Release|Any CPU
		{9A1CDBD7-25D3-45E1-9986-E86AED158748}.Ad-Hoc|ARM.ActiveCfg = Release|Any CPU
		{9A1CDBD7-25D3-45E1-9986-E86AED158748}.Ad-Hoc|ARM.Build.0 = Release|Any CPU
		{9A1CDBD7-25D3-45E1-9986-E86AED158748}.Ad-Hoc|iPhone.ActiveCfg = Release|Any CPU
		{9A1CDBD7-25D3-45E1-9986-E86AED158748}.Ad-Hoc|iPhone.Build.0 = Release|Any CPU
		{9A1CDBD7-25D3-45E1-9986-E86AED158748}.Ad-Hoc|iPhoneSimulator.ActiveCfg = Release|Any CPU
		{9A1CDBD7-25D3-45E1-9986-E86AED158748}.Ad-Hoc|iPhoneSimulator.Build.0 = Release|Any CPU
		{9A1CDBD7-25D3-45E1-9986-E86AED158748}.Ad-Hoc|x64.ActiveCfg = Release|Any CPU
		{9A1CDBD7-25D3-45E1-9986-E86AED158748}.Ad-Hoc|x64.Build.0 = Release|Any CPU
		{9A1CDBD7-25D3-45E1-9986-E86AED158748}.Ad-Hoc|x86.ActiveCfg = Release|Any CPU
		{9A1CDBD7-25D3-45E1-9986-E86AED158748}.Ad-Hoc|x86.Build.0 = Release|Any CPU
		{9A1CDBD7-25D3-45E1-9986-E86AED158748}.AppStore|Any CPU.ActiveCfg = Release|Any CPU
		{9A1CDBD7-25D3-45E1-9986-E86AED158748}.AppStore|Any CPU.Build.0 = Release|Any CPU
		{9A1CDBD7-25D3-45E1-9986-E86AED158748}.AppStore|ARM.ActiveCfg = Release|Any CPU
		{9A1CDBD7-25D3-45E1-9986-E86AED158748}.AppStore|ARM.Build.0 = Release|Any CPU
		{9A1CDBD7-25D3-45E1-9986-E86AED158748}.AppStore|iPhone.ActiveCfg = Release|Any CPU
		{9A1CDBD7-25D3-45E1-9986-E86AED158748}.AppStore|iPhone.Build.0 = Release|Any CPU
		{9A1CDBD7-25D3-45E1-9986-E86AED158748}.AppStore|iPhoneSimulator.ActiveCfg = Release|Any CPU
		{9A1CDBD7-25D3-45E1-9986-E86AED158748}.AppStore|iPhoneSimulator.Build.0 = Release|Any CPU
		{9A1CDBD7-25D3-45E1-9986-E86AED158748}.AppStore|x64.ActiveCfg = Release|Any CPU
		{9A1CDBD7-25D3-45E1-9986-E86AED158748}.AppStore|x64.Build.0 = Release|Any CPU
		{9A1CDBD7-25D3-45E1-9986-E86AED158748}.AppStore|x86.ActiveCfg = Release|Any CPU
		{9A1CDBD7-25D3-45E1-9986-E86AED158748}.AppStore|x86.Build.0 = Release|Any CPU
		{9A1CDBD7-25D3-45E1-9986-E86AED158748}.Debug|Any CPU.ActiveCfg = Debug|Any CPU
		{9A1CDBD7-25D3-45E1-9986-E86AED158748}.Debug|Any CPU.Build.0 = Debug|Any CPU
		{9A1CDBD7-25D3-45E1-9986-E86AED158748}.Debug|ARM.ActiveCfg = Debug|Any CPU
		{9A1CDBD7-25D3-45E1-9986-E86AED158748}.Debug|ARM.Build.0 = Debug|Any CPU
		{9A1CDBD7-25D3-45E1-9986-E86AED158748}.Debug|iPhone.ActiveCfg = Debug|Any CPU
		{9A1CDBD7-25D3-45E1-9986-E86AED158748}.Debug|iPhone.Build.0 = Debug|Any CPU
		{9A1CDBD7-25D3-45E1-9986-E86AED158748}.Debug|iPhoneSimulator.ActiveCfg = Debug|Any CPU
		{9A1CDBD7-25D3-45E1-9986-E86AED158748}.Debug|iPhoneSimulator.Build.0 = Debug|Any CPU
		{9A1CDBD7-25D3-45E1-9986-E86AED158748}.Debug|x64.ActiveCfg = Debug|Any CPU
		{9A1CDBD7-25D3-45E1-9986-E86AED158748}.Debug|x64.Build.0 = Debug|Any CPU
		{9A1CDBD7-25D3-45E1-9986-E86AED158748}.Debug|x86.ActiveCfg = Debug|Any CPU
		{9A1CDBD7-25D3-45E1-9986-E86AED158748}.Debug|x86.Build.0 = Debug|Any CPU
		{9A1CDBD7-25D3-45E1-9986-E86AED158748}.Release|Any CPU.ActiveCfg = Release|Any CPU
		{9A1CDBD7-25D3-45E1-9986-E86AED158748}.Release|Any CPU.Build.0 = Release|Any CPU
		{9A1CDBD7-25D3-45E1-9986-E86AED158748}.Release|ARM.ActiveCfg = Release|Any CPU
		{9A1CDBD7-25D3-45E1-9986-E86AED158748}.Release|ARM.Build.0 = Release|Any CPU
		{9A1CDBD7-25D3-45E1-9986-E86AED158748}.Release|iPhone.ActiveCfg = Release|Any CPU
		{9A1CDBD7-25D3-45E1-9986-E86AED158748}.Release|iPhone.Build.0 = Release|Any CPU
		{9A1CDBD7-25D3-45E1-9986-E86AED158748}.Release|iPhoneSimulator.ActiveCfg = Release|Any CPU
		{9A1CDBD7-25D3-45E1-9986-E86AED158748}.Release|iPhoneSimulator.Build.0 = Release|Any CPU
		{9A1CDBD7-25D3-45E1-9986-E86AED158748}.Release|x64.ActiveCfg = Release|Any CPU
		{9A1CDBD7-25D3-45E1-9986-E86AED158748}.Release|x64.Build.0 = Release|Any CPU
		{9A1CDBD7-25D3-45E1-9986-E86AED158748}.Release|x86.ActiveCfg = Release|Any CPU
		{9A1CDBD7-25D3-45E1-9986-E86AED158748}.Release|x86.Build.0 = Release|Any CPU
		{95C57345-2FBF-4F7B-ADB0-BC0110293A7A}.Ad-Hoc|Any CPU.ActiveCfg = Release|x86
		{95C57345-2FBF-4F7B-ADB0-BC0110293A7A}.Ad-Hoc|Any CPU.Build.0 = Release|x86
		{95C57345-2FBF-4F7B-ADB0-BC0110293A7A}.Ad-Hoc|Any CPU.Deploy.0 = Release|x86
		{95C57345-2FBF-4F7B-ADB0-BC0110293A7A}.Ad-Hoc|ARM.ActiveCfg = Release|ARM
		{95C57345-2FBF-4F7B-ADB0-BC0110293A7A}.Ad-Hoc|ARM.Build.0 = Release|ARM
		{95C57345-2FBF-4F7B-ADB0-BC0110293A7A}.Ad-Hoc|ARM.Deploy.0 = Release|ARM
		{95C57345-2FBF-4F7B-ADB0-BC0110293A7A}.Ad-Hoc|iPhone.ActiveCfg = Release|x86
		{95C57345-2FBF-4F7B-ADB0-BC0110293A7A}.Ad-Hoc|iPhone.Build.0 = Release|x86
		{95C57345-2FBF-4F7B-ADB0-BC0110293A7A}.Ad-Hoc|iPhone.Deploy.0 = Release|x86
		{95C57345-2FBF-4F7B-ADB0-BC0110293A7A}.Ad-Hoc|iPhoneSimulator.ActiveCfg = Release|x86
		{95C57345-2FBF-4F7B-ADB0-BC0110293A7A}.Ad-Hoc|iPhoneSimulator.Build.0 = Release|x86
		{95C57345-2FBF-4F7B-ADB0-BC0110293A7A}.Ad-Hoc|iPhoneSimulator.Deploy.0 = Release|x86
		{95C57345-2FBF-4F7B-ADB0-BC0110293A7A}.Ad-Hoc|x64.ActiveCfg = Release|x64
		{95C57345-2FBF-4F7B-ADB0-BC0110293A7A}.Ad-Hoc|x64.Build.0 = Release|x64
		{95C57345-2FBF-4F7B-ADB0-BC0110293A7A}.Ad-Hoc|x64.Deploy.0 = Release|x64
		{95C57345-2FBF-4F7B-ADB0-BC0110293A7A}.Ad-Hoc|x86.ActiveCfg = Release|x86
		{95C57345-2FBF-4F7B-ADB0-BC0110293A7A}.Ad-Hoc|x86.Build.0 = Release|x86
		{95C57345-2FBF-4F7B-ADB0-BC0110293A7A}.Ad-Hoc|x86.Deploy.0 = Release|x86
		{95C57345-2FBF-4F7B-ADB0-BC0110293A7A}.AppStore|Any CPU.ActiveCfg = Release|x86
		{95C57345-2FBF-4F7B-ADB0-BC0110293A7A}.AppStore|Any CPU.Build.0 = Release|x86
		{95C57345-2FBF-4F7B-ADB0-BC0110293A7A}.AppStore|Any CPU.Deploy.0 = Release|x86
		{95C57345-2FBF-4F7B-ADB0-BC0110293A7A}.AppStore|ARM.ActiveCfg = Release|ARM
		{95C57345-2FBF-4F7B-ADB0-BC0110293A7A}.AppStore|ARM.Build.0 = Release|ARM
		{95C57345-2FBF-4F7B-ADB0-BC0110293A7A}.AppStore|ARM.Deploy.0 = Release|ARM
		{95C57345-2FBF-4F7B-ADB0-BC0110293A7A}.AppStore|iPhone.ActiveCfg = Release|x86
		{95C57345-2FBF-4F7B-ADB0-BC0110293A7A}.AppStore|iPhone.Build.0 = Release|x86
		{95C57345-2FBF-4F7B-ADB0-BC0110293A7A}.AppStore|iPhone.Deploy.0 = Release|x86
		{95C57345-2FBF-4F7B-ADB0-BC0110293A7A}.AppStore|iPhoneSimulator.ActiveCfg = Release|x86
		{95C57345-2FBF-4F7B-ADB0-BC0110293A7A}.AppStore|iPhoneSimulator.Build.0 = Release|x86
		{95C57345-2FBF-4F7B-ADB0-BC0110293A7A}.AppStore|iPhoneSimulator.Deploy.0 = Release|x86
		{95C57345-2FBF-4F7B-ADB0-BC0110293A7A}.AppStore|x64.ActiveCfg = Release|x64
		{95C57345-2FBF-4F7B-ADB0-BC0110293A7A}.AppStore|x64.Build.0 = Release|x64
		{95C57345-2FBF-4F7B-ADB0-BC0110293A7A}.AppStore|x64.Deploy.0 = Release|x64
		{95C57345-2FBF-4F7B-ADB0-BC0110293A7A}.AppStore|x86.ActiveCfg = Release|x86
		{95C57345-2FBF-4F7B-ADB0-BC0110293A7A}.AppStore|x86.Build.0 = Release|x86
		{95C57345-2FBF-4F7B-ADB0-BC0110293A7A}.AppStore|x86.Deploy.0 = Release|x86
		{95C57345-2FBF-4F7B-ADB0-BC0110293A7A}.Debug|Any CPU.ActiveCfg = Debug|x86
		{95C57345-2FBF-4F7B-ADB0-BC0110293A7A}.Debug|Any CPU.Build.0 = Debug|x86
		{95C57345-2FBF-4F7B-ADB0-BC0110293A7A}.Debug|Any CPU.Deploy.0 = Debug|x86
		{95C57345-2FBF-4F7B-ADB0-BC0110293A7A}.Debug|ARM.ActiveCfg = Debug|ARM
		{95C57345-2FBF-4F7B-ADB0-BC0110293A7A}.Debug|ARM.Build.0 = Debug|ARM
		{95C57345-2FBF-4F7B-ADB0-BC0110293A7A}.Debug|ARM.Deploy.0 = Debug|ARM
		{95C57345-2FBF-4F7B-ADB0-BC0110293A7A}.Debug|iPhone.ActiveCfg = Debug|x86
		{95C57345-2FBF-4F7B-ADB0-BC0110293A7A}.Debug|iPhoneSimulator.ActiveCfg = Debug|x86
		{95C57345-2FBF-4F7B-ADB0-BC0110293A7A}.Debug|x64.ActiveCfg = Debug|x64
		{95C57345-2FBF-4F7B-ADB0-BC0110293A7A}.Debug|x64.Build.0 = Debug|x64
		{95C57345-2FBF-4F7B-ADB0-BC0110293A7A}.Debug|x64.Deploy.0 = Debug|x64
		{95C57345-2FBF-4F7B-ADB0-BC0110293A7A}.Debug|x86.ActiveCfg = Debug|x86
		{95C57345-2FBF-4F7B-ADB0-BC0110293A7A}.Debug|x86.Build.0 = Debug|x86
		{95C57345-2FBF-4F7B-ADB0-BC0110293A7A}.Debug|x86.Deploy.0 = Debug|x86
		{95C57345-2FBF-4F7B-ADB0-BC0110293A7A}.Release|Any CPU.ActiveCfg = Release|x86
		{95C57345-2FBF-4F7B-ADB0-BC0110293A7A}.Release|ARM.ActiveCfg = Release|ARM
		{95C57345-2FBF-4F7B-ADB0-BC0110293A7A}.Release|ARM.Build.0 = Release|ARM
		{95C57345-2FBF-4F7B-ADB0-BC0110293A7A}.Release|ARM.Deploy.0 = Release|ARM
		{95C57345-2FBF-4F7B-ADB0-BC0110293A7A}.Release|iPhone.ActiveCfg = Release|x86
		{95C57345-2FBF-4F7B-ADB0-BC0110293A7A}.Release|iPhoneSimulator.ActiveCfg = Release|x86
		{95C57345-2FBF-4F7B-ADB0-BC0110293A7A}.Release|x64.ActiveCfg = Release|x64
		{95C57345-2FBF-4F7B-ADB0-BC0110293A7A}.Release|x64.Build.0 = Release|x64
		{95C57345-2FBF-4F7B-ADB0-BC0110293A7A}.Release|x64.Deploy.0 = Release|x64
		{95C57345-2FBF-4F7B-ADB0-BC0110293A7A}.Release|x86.ActiveCfg = Release|x86
		{95C57345-2FBF-4F7B-ADB0-BC0110293A7A}.Release|x86.Build.0 = Release|x86
		{95C57345-2FBF-4F7B-ADB0-BC0110293A7A}.Release|x86.Deploy.0 = Release|x86
		{620C577E-A12A-438D-9EE9-9910BD02359A}.Ad-Hoc|Any CPU.ActiveCfg = Ad-Hoc|iPhone
		{620C577E-A12A-438D-9EE9-9910BD02359A}.Ad-Hoc|ARM.ActiveCfg = Ad-Hoc|iPhone
		{620C577E-A12A-438D-9EE9-9910BD02359A}.Ad-Hoc|iPhone.ActiveCfg = Ad-Hoc|iPhone
		{620C577E-A12A-438D-9EE9-9910BD02359A}.Ad-Hoc|iPhone.Build.0 = Ad-Hoc|iPhone
		{620C577E-A12A-438D-9EE9-9910BD02359A}.Ad-Hoc|iPhoneSimulator.ActiveCfg = Ad-Hoc|iPhoneSimulator
		{620C577E-A12A-438D-9EE9-9910BD02359A}.Ad-Hoc|iPhoneSimulator.Build.0 = Ad-Hoc|iPhoneSimulator
		{620C577E-A12A-438D-9EE9-9910BD02359A}.Ad-Hoc|x64.ActiveCfg = Ad-Hoc|iPhone
		{620C577E-A12A-438D-9EE9-9910BD02359A}.Ad-Hoc|x86.ActiveCfg = Ad-Hoc|iPhone
		{620C577E-A12A-438D-9EE9-9910BD02359A}.AppStore|Any CPU.ActiveCfg = AppStore|iPhone
		{620C577E-A12A-438D-9EE9-9910BD02359A}.AppStore|ARM.ActiveCfg = AppStore|iPhone
		{620C577E-A12A-438D-9EE9-9910BD02359A}.AppStore|iPhone.ActiveCfg = AppStore|iPhone
		{620C577E-A12A-438D-9EE9-9910BD02359A}.AppStore|iPhone.Build.0 = AppStore|iPhone
		{620C577E-A12A-438D-9EE9-9910BD02359A}.AppStore|iPhoneSimulator.ActiveCfg = AppStore|iPhoneSimulator
		{620C577E-A12A-438D-9EE9-9910BD02359A}.AppStore|iPhoneSimulator.Build.0 = AppStore|iPhoneSimulator
		{620C577E-A12A-438D-9EE9-9910BD02359A}.AppStore|x64.ActiveCfg = AppStore|iPhone
		{620C577E-A12A-438D-9EE9-9910BD02359A}.AppStore|x86.ActiveCfg = AppStore|iPhone
		{620C577E-A12A-438D-9EE9-9910BD02359A}.Debug|Any CPU.ActiveCfg = Debug|iPhone
		{620C577E-A12A-438D-9EE9-9910BD02359A}.Debug|ARM.ActiveCfg = Debug|iPhone
		{620C577E-A12A-438D-9EE9-9910BD02359A}.Debug|iPhone.ActiveCfg = Debug|iPhone
		{620C577E-A12A-438D-9EE9-9910BD02359A}.Debug|iPhone.Build.0 = Debug|iPhone
		{620C577E-A12A-438D-9EE9-9910BD02359A}.Debug|iPhoneSimulator.ActiveCfg = Debug|iPhoneSimulator
		{620C577E-A12A-438D-9EE9-9910BD02359A}.Debug|iPhoneSimulator.Build.0 = Debug|iPhoneSimulator
		{620C577E-A12A-438D-9EE9-9910BD02359A}.Debug|x64.ActiveCfg = Debug|iPhone
		{620C577E-A12A-438D-9EE9-9910BD02359A}.Debug|x86.ActiveCfg = Debug|iPhone
		{620C577E-A12A-438D-9EE9-9910BD02359A}.Release|Any CPU.ActiveCfg = Release|iPhone
		{620C577E-A12A-438D-9EE9-9910BD02359A}.Release|ARM.ActiveCfg = Release|iPhone
		{620C577E-A12A-438D-9EE9-9910BD02359A}.Release|iPhone.ActiveCfg = Release|iPhone
		{620C577E-A12A-438D-9EE9-9910BD02359A}.Release|iPhone.Build.0 = Release|iPhone
		{620C577E-A12A-438D-9EE9-9910BD02359A}.Release|iPhoneSimulator.ActiveCfg = Release|iPhoneSimulator
		{620C577E-A12A-438D-9EE9-9910BD02359A}.Release|iPhoneSimulator.Build.0 = Release|iPhoneSimulator
		{620C577E-A12A-438D-9EE9-9910BD02359A}.Release|x64.ActiveCfg = Release|iPhone
		{620C577E-A12A-438D-9EE9-9910BD02359A}.Release|x86.ActiveCfg = Release|iPhone
	EndGlobalSection
	GlobalSection(SolutionProperties) = preSolution
		HideSolutionNode = FALSE
	EndGlobalSection
EndGlobal
